// !$*UTF8*$!
{
	archiveVersion = 1;
	classes = {
	};
	objectVersion = 48;
	objects = {

/* Begin PBXBuildFile section */
		1D5945E438E5BCFDAC043373 /* Pods_CarpoolApp.framework in Frameworks */ = {isa = PBXBuildFile; fileRef = 0E09741CC3F28EFD9B714807 /* Pods_CarpoolApp.framework */; };
		78241398201D0F3A00F06D99 /* AppDelegate.swift in Sources */ = {isa = PBXBuildFile; fileRef = 78241397201D0F3A00F06D99 /* AppDelegate.swift */; };
		7824139F201D0F3A00F06D99 /* Assets.xcassets in Resources */ = {isa = PBXBuildFile; fileRef = 7824139E201D0F3A00F06D99 /* Assets.xcassets */; };
		782413AA201D12FC00F06D99 /* GoogleService-Info.plist in Resources */ = {isa = PBXBuildFile; fileRef = 782413A9201D12FC00F06D99 /* GoogleService-Info.plist */; };
		C945DD7D2023DFFD003C8D9A /* MapViewController.swift in Sources */ = {isa = PBXBuildFile; fileRef = C945DD7C2023DFFD003C8D9A /* MapViewController.swift */; };
		C9480E3A2026686B0030A9F0 /* otherlocations.swift in Sources */ = {isa = PBXBuildFile; fileRef = C9480E392026686B0030A9F0 /* otherlocations.swift */; };
		C9480E3C20266BA30030A9F0 /* otherlocations.json in Resources */ = {isa = PBXBuildFile; fileRef = C9480E3B20266BA30030A9F0 /* otherlocations.json */; };
		C96AFA03201D4C8D008B0A54 /* Maps.storyboard in Resources */ = {isa = PBXBuildFile; fileRef = C96AFA02201D4C8D008B0A54 /* Maps.storyboard */; };
		C995C78E201D5DD400B8CB3E /* MapKit.framework in Frameworks */ = {isa = PBXBuildFile; fileRef = C995C78D201D5DD400B8CB3E /* MapKit.framework */; };
		C995C790201D615E00B8CB3E /* CoreLocation.framework in Frameworks */ = {isa = PBXBuildFile; fileRef = C995C78F201D615D00B8CB3E /* CoreLocation.framework */; };
/* End PBXBuildFile section */

/* Begin PBXFileReference section */
		0E09741CC3F28EFD9B714807 /* Pods_CarpoolApp.framework */ = {isa = PBXFileReference; explicitFileType = wrapper.framework; includeInIndex = 0; path = Pods_CarpoolApp.framework; sourceTree = BUILT_PRODUCTS_DIR; };
		78241394201D0F3A00F06D99 /* CarpoolApp.app */ = {isa = PBXFileReference; explicitFileType = wrapper.application; includeInIndex = 0; path = CarpoolApp.app; sourceTree = BUILT_PRODUCTS_DIR; };
		78241397201D0F3A00F06D99 /* AppDelegate.swift */ = {isa = PBXFileReference; lastKnownFileType = sourcecode.swift; path = AppDelegate.swift; sourceTree = "<group>"; };
		7824139E201D0F3A00F06D99 /* Assets.xcassets */ = {isa = PBXFileReference; lastKnownFileType = folder.assetcatalog; path = Assets.xcassets; sourceTree = "<group>"; };
		782413A3201D0F3A00F06D99 /* Info.plist */ = {isa = PBXFileReference; lastKnownFileType = text.plist.xml; path = Info.plist; sourceTree = "<group>"; };
		782413A9201D12FC00F06D99 /* GoogleService-Info.plist */ = {isa = PBXFileReference; fileEncoding = 4; lastKnownFileType = text.plist.xml; path = "GoogleService-Info.plist"; sourceTree = "<group>"; };
		C945DD7C2023DFFD003C8D9A /* MapViewController.swift */ = {isa = PBXFileReference; lastKnownFileType = sourcecode.swift; path = MapViewController.swift; sourceTree = "<group>"; };
		C9480E392026686B0030A9F0 /* otherlocations.swift */ = {isa = PBXFileReference; lastKnownFileType = sourcecode.swift; path = otherlocations.swift; sourceTree = "<group>"; };
		C9480E3B20266BA30030A9F0 /* otherlocations.json */ = {isa = PBXFileReference; fileEncoding = 4; lastKnownFileType = text.json; name = otherlocations.json; path = "../../../Downloads/mVK7rOBSM6uuz41Bfgpr_MapKit_Duc_Tran/DucTran-MapKit-Starter/DucTran-MapKit/otherlocations.json"; sourceTree = "<group>"; };
		C96AFA02201D4C8D008B0A54 /* Maps.storyboard */ = {isa = PBXFileReference; lastKnownFileType = file.storyboard; path = Maps.storyboard; sourceTree = "<group>"; };
		C98AA769202670A500DCECC6 /* Header.h */ = {isa = PBXFileReference; lastKnownFileType = sourcecode.c.h; path = Header.h; sourceTree = "<group>"; };
		C995C78D201D5DD400B8CB3E /* MapKit.framework */ = {isa = PBXFileReference; lastKnownFileType = wrapper.framework; name = MapKit.framework; path = System/Library/Frameworks/MapKit.framework; sourceTree = SDKROOT; };
		C995C78F201D615D00B8CB3E /* CoreLocation.framework */ = {isa = PBXFileReference; lastKnownFileType = wrapper.framework; name = CoreLocation.framework; path = System/Library/Frameworks/CoreLocation.framework; sourceTree = SDKROOT; };
		F030565275DC7FB77646828A /* Pods-CarpoolApp.release.xcconfig */ = {isa = PBXFileReference; includeInIndex = 1; lastKnownFileType = text.xcconfig; name = "Pods-CarpoolApp.release.xcconfig"; path = "Pods/Target Support Files/Pods-CarpoolApp/Pods-CarpoolApp.release.xcconfig"; sourceTree = "<group>"; };
		F95DAD1A528A8524339BF3C3 /* Pods-CarpoolApp.debug.xcconfig */ = {isa = PBXFileReference; includeInIndex = 1; lastKnownFileType = text.xcconfig; name = "Pods-CarpoolApp.debug.xcconfig"; path = "Pods/Target Support Files/Pods-CarpoolApp/Pods-CarpoolApp.debug.xcconfig"; sourceTree = "<group>"; };
/* End PBXFileReference section */

/* Begin PBXFrameworksBuildPhase section */
		78241391201D0F3A00F06D99 /* Frameworks */ = {
			isa = PBXFrameworksBuildPhase;
			buildActionMask = 2147483647;
			files = (
				C995C790201D615E00B8CB3E /* CoreLocation.framework in Frameworks */,
				C995C78E201D5DD400B8CB3E /* MapKit.framework in Frameworks */,
				1D5945E438E5BCFDAC043373 /* Pods_CarpoolApp.framework in Frameworks */,
			);
			runOnlyForDeploymentPostprocessing = 0;
		};
/* End PBXFrameworksBuildPhase section */

/* Begin PBXGroup section */
		7824138B201D0F3A00F06D99 = {
			isa = PBXGroup;
			children = (
				78241396201D0F3A00F06D99 /* CarpoolApp */,
				78241395201D0F3A00F06D99 /* Products */,
				DD7D054E6C73D03C1FE59E38 /* Pods */,
				F8CFD888E50D31099B0AD659 /* Frameworks */,
			);
			sourceTree = "<group>";
		};
		78241395201D0F3A00F06D99 /* Products */ = {
			isa = PBXGroup;
			children = (
				78241394201D0F3A00F06D99 /* CarpoolApp.app */,
			);
			name = Products;
			sourceTree = "<group>";
		};
		78241396201D0F3A00F06D99 /* CarpoolApp */ = {
			isa = PBXGroup;
			children = (
				78241397201D0F3A00F06D99 /* AppDelegate.swift */,
				C96AFA02201D4C8D008B0A54 /* Maps.storyboard */,
				C9480E3B20266BA30030A9F0 /* otherlocations.json */,
				C945DD7C2023DFFD003C8D9A /* MapViewController.swift */,
				C9480E392026686B0030A9F0 /* otherlocations.swift */,
				7824139E201D0F3A00F06D99 /* Assets.xcassets */,
				782413A3201D0F3A00F06D99 /* Info.plist */,
				782413A9201D12FC00F06D99 /* GoogleService-Info.plist */,
				C98AA769202670A500DCECC6 /* Header.h */,
			);
			path = CarpoolApp;
			sourceTree = "<group>";
		};
		DD7D054E6C73D03C1FE59E38 /* Pods */ = {
			isa = PBXGroup;
			children = (
				F95DAD1A528A8524339BF3C3 /* Pods-CarpoolApp.debug.xcconfig */,
				F030565275DC7FB77646828A /* Pods-CarpoolApp.release.xcconfig */,
			);
			name = Pods;
			sourceTree = "<group>";
		};
		F8CFD888E50D31099B0AD659 /* Frameworks */ = {
			isa = PBXGroup;
			children = (
				C995C78F201D615D00B8CB3E /* CoreLocation.framework */,
				C995C78D201D5DD400B8CB3E /* MapKit.framework */,
				0E09741CC3F28EFD9B714807 /* Pods_CarpoolApp.framework */,
			);
			name = Frameworks;
			sourceTree = "<group>";
		};
/* End PBXGroup section */

/* Begin PBXNativeTarget section */
		78241393201D0F3A00F06D99 /* CarpoolApp */ = {
			isa = PBXNativeTarget;
			buildConfigurationList = 782413A6201D0F3A00F06D99 /* Build configuration list for PBXNativeTarget "CarpoolApp" */;
			buildPhases = (
				42D2F693CFD11F6F27910968 /* [CP] Check Pods Manifest.lock */,
				78241390201D0F3A00F06D99 /* Sources */,
				78241391201D0F3A00F06D99 /* Frameworks */,
				78241392201D0F3A00F06D99 /* Resources */,
				CA777FAA2C7468A978E9D8E9 /* [CP] Embed Pods Frameworks */,
				967C4740E0308D426BF06129 /* [CP] Copy Pods Resources */,
			);
			buildRules = (
			);
			dependencies = (
			);
			name = CarpoolApp;
			productName = CarpoolApp;
			productReference = 78241394201D0F3A00F06D99 /* CarpoolApp.app */;
			productType = "com.apple.product-type.application";
		};
/* End PBXNativeTarget section */

/* Begin PBXProject section */
		7824138C201D0F3A00F06D99 /* Project object */ = {
			isa = PBXProject;
			attributes = {
				LastSwiftUpdateCheck = 0920;
				LastUpgradeCheck = 0920;
				ORGANIZATIONNAME = "CSC 4996";
				TargetAttributes = {
					78241393201D0F3A00F06D99 = {
						CreatedOnToolsVersion = 9.2;
						ProvisioningStyle = Automatic;
						SystemCapabilities = {
							com.apple.Maps.iOS = {
								enabled = 1;
							};
						};
					};
				};
			};
			buildConfigurationList = 7824138F201D0F3A00F06D99 /* Build configuration list for PBXProject "CarpoolApp" */;
			compatibilityVersion = "Xcode 8.0";
			developmentRegion = en;
			hasScannedForEncodings = 0;
			knownRegions = (
				en,
				Base,
			);
			mainGroup = 7824138B201D0F3A00F06D99;
			productRefGroup = 78241395201D0F3A00F06D99 /* Products */;
			projectDirPath = "";
			projectRoot = "";
			targets = (
				78241393201D0F3A00F06D99 /* CarpoolApp */,
			);
		};
/* End PBXProject section */

/* Begin PBXResourcesBuildPhase section */
		78241392201D0F3A00F06D99 /* Resources */ = {
			isa = PBXResourcesBuildPhase;
			buildActionMask = 2147483647;
			files = (
				782413AA201D12FC00F06D99 /* GoogleService-Info.plist in Resources */,
				C9480E3C20266BA30030A9F0 /* otherlocations.json in Resources */,
				C96AFA03201D4C8D008B0A54 /* Maps.storyboard in Resources */,
				7824139F201D0F3A00F06D99 /* Assets.xcassets in Resources */,
			);
			runOnlyForDeploymentPostprocessing = 0;
		};
/* End PBXResourcesBuildPhase section */

/* Begin PBXShellScriptBuildPhase section */
		42D2F693CFD11F6F27910968 /* [CP] Check Pods Manifest.lock */ = {
			isa = PBXShellScriptBuildPhase;
			buildActionMask = 2147483647;
			files = (
			);
			inputPaths = (
				"${PODS_PODFILE_DIR_PATH}/Podfile.lock",
				"${PODS_ROOT}/Manifest.lock",
			);
			name = "[CP] Check Pods Manifest.lock";
			outputPaths = (
				"$(DERIVED_FILE_DIR)/Pods-CarpoolApp-checkManifestLockResult.txt",
			);
			runOnlyForDeploymentPostprocessing = 0;
			shellPath = /bin/sh;
			shellScript = "diff \"${PODS_PODFILE_DIR_PATH}/Podfile.lock\" \"${PODS_ROOT}/Manifest.lock\" > /dev/null\nif [ $? != 0 ] ; then\n    # print error to STDERR\n    echo \"error: The sandbox is not in sync with the Podfile.lock. Run 'pod install' or update your CocoaPods installation.\" >&2\n    exit 1\nfi\n# This output is used by Xcode 'outputs' to avoid re-running this script phase.\necho \"SUCCESS\" > \"${SCRIPT_OUTPUT_FILE_0}\"\n";
			showEnvVarsInLog = 0;
		};
		967C4740E0308D426BF06129 /* [CP] Copy Pods Resources */ = {
			isa = PBXShellScriptBuildPhase;
			buildActionMask = 2147483647;
			files = (
			);
			inputPaths = (
			);
			name = "[CP] Copy Pods Resources";
			outputPaths = (
			);
			runOnlyForDeploymentPostprocessing = 0;
			shellPath = /bin/sh;
			shellScript = "\"${SRCROOT}/Pods/Target Support Files/Pods-CarpoolApp/Pods-CarpoolApp-resources.sh\"\n";
			showEnvVarsInLog = 0;
		};
		CA777FAA2C7468A978E9D8E9 /* [CP] Embed Pods Frameworks */ = {
			isa = PBXShellScriptBuildPhase;
			buildActionMask = 2147483647;
			files = (
			);
			inputPaths = (
				"${SRCROOT}/Pods/Target Support Files/Pods-CarpoolApp/Pods-CarpoolApp-frameworks.sh",
				"${BUILT_PRODUCTS_DIR}/GTMSessionFetcher/GTMSessionFetcher.framework",
				"${BUILT_PRODUCTS_DIR}/GeoFire/GeoFire.framework",
				"${BUILT_PRODUCTS_DIR}/GoogleToolboxForMac/GoogleToolboxForMac.framework",
				"${BUILT_PRODUCTS_DIR}/leveldb-library/leveldb.framework",
				"${BUILT_PRODUCTS_DIR}/nanopb/nanopb.framework",
			);
			name = "[CP] Embed Pods Frameworks";
			outputPaths = (
				"${TARGET_BUILD_DIR}/${FRAMEWORKS_FOLDER_PATH}/GTMSessionFetcher.framework",
				"${TARGET_BUILD_DIR}/${FRAMEWORKS_FOLDER_PATH}/GeoFire.framework",
				"${TARGET_BUILD_DIR}/${FRAMEWORKS_FOLDER_PATH}/GoogleToolboxForMac.framework",
				"${TARGET_BUILD_DIR}/${FRAMEWORKS_FOLDER_PATH}/leveldb.framework",
				"${TARGET_BUILD_DIR}/${FRAMEWORKS_FOLDER_PATH}/nanopb.framework",
			);
			runOnlyForDeploymentPostprocessing = 0;
			shellPath = /bin/sh;
			shellScript = "\"${SRCROOT}/Pods/Target Support Files/Pods-CarpoolApp/Pods-CarpoolApp-frameworks.sh\"\n";
			showEnvVarsInLog = 0;
		};
/* End PBXShellScriptBuildPhase section */

/* Begin PBXSourcesBuildPhase section */
		78241390201D0F3A00F06D99 /* Sources */ = {
			isa = PBXSourcesBuildPhase;
			buildActionMask = 2147483647;
			files = (
				C945DD7D2023DFFD003C8D9A /* MapViewController.swift in Sources */,
				C9480E3A2026686B0030A9F0 /* otherlocations.swift in Sources */,
				78241398201D0F3A00F06D99 /* AppDelegate.swift in Sources */,
			);
			runOnlyForDeploymentPostprocessing = 0;
		};
/* End PBXSourcesBuildPhase section */

/* Begin XCBuildConfiguration section */
		782413A4201D0F3A00F06D99 /* Debug */ = {
			isa = XCBuildConfiguration;
			buildSettings = {
				ALWAYS_SEARCH_USER_PATHS = NO;
				CLANG_ANALYZER_NONNULL = YES;
				CLANG_ANALYZER_NUMBER_OBJECT_CONVERSION = YES_AGGRESSIVE;
				CLANG_CXX_LANGUAGE_STANDARD = "gnu++14";
				CLANG_CXX_LIBRARY = "libc++";
				CLANG_ENABLE_MODULES = YES;
				CLANG_ENABLE_OBJC_ARC = YES;
				CLANG_WARN_BLOCK_CAPTURE_AUTORELEASING = YES;
				CLANG_WARN_BOOL_CONVERSION = YES;
				CLANG_WARN_COMMA = YES;
				CLANG_WARN_CONSTANT_CONVERSION = YES;
				CLANG_WARN_DIRECT_OBJC_ISA_USAGE = YES_ERROR;
				CLANG_WARN_DOCUMENTATION_COMMENTS = YES;
				CLANG_WARN_EMPTY_BODY = YES;
				CLANG_WARN_ENUM_CONVERSION = YES;
				CLANG_WARN_INFINITE_RECURSION = YES;
				CLANG_WARN_INT_CONVERSION = YES;
				CLANG_WARN_NON_LITERAL_NULL_CONVERSION = YES;
				CLANG_WARN_OBJC_LITERAL_CONVERSION = YES;
				CLANG_WARN_OBJC_ROOT_CLASS = YES_ERROR;
				CLANG_WARN_RANGE_LOOP_ANALYSIS = YES;
				CLANG_WARN_STRICT_PROTOTYPES = YES;
				CLANG_WARN_SUSPICIOUS_MOVE = YES;
				CLANG_WARN_UNGUARDED_AVAILABILITY = YES_AGGRESSIVE;
				CLANG_WARN_UNREACHABLE_CODE = YES;
				CLANG_WARN__DUPLICATE_METHOD_MATCH = YES;
				CODE_SIGN_IDENTITY = "iPhone Developer";
				COPY_PHASE_STRIP = NO;
				DEBUG_INFORMATION_FORMAT = dwarf;
				ENABLE_STRICT_OBJC_MSGSEND = YES;
				ENABLE_TESTABILITY = YES;
				GCC_C_LANGUAGE_STANDARD = gnu11;
				GCC_DYNAMIC_NO_PIC = NO;
				GCC_NO_COMMON_BLOCKS = YES;
				GCC_OPTIMIZATION_LEVEL = 0;
				GCC_PREPROCESSOR_DEFINITIONS = (
					"DEBUG=1",
					"$(inherited)",
				);
				GCC_WARN_64_TO_32_BIT_CONVERSION = YES;
				GCC_WARN_ABOUT_RETURN_TYPE = YES_ERROR;
				GCC_WARN_UNDECLARED_SELECTOR = YES;
				GCC_WARN_UNINITIALIZED_AUTOS = YES_AGGRESSIVE;
				GCC_WARN_UNUSED_FUNCTION = YES;
				GCC_WARN_UNUSED_VARIABLE = YES;
				IPHONEOS_DEPLOYMENT_TARGET = 11.2;
				MTL_ENABLE_DEBUG_INFO = YES;
				ONLY_ACTIVE_ARCH = YES;
				SDKROOT = iphoneos;
				SWIFT_ACTIVE_COMPILATION_CONDITIONS = DEBUG;
				SWIFT_OPTIMIZATION_LEVEL = "-Onone";
			};
			name = Debug;
		};
		782413A5201D0F3A00F06D99 /* Release */ = {
			isa = XCBuildConfiguration;
			buildSettings = {
				ALWAYS_SEARCH_USER_PATHS = NO;
				CLANG_ANALYZER_NONNULL = YES;
				CLANG_ANALYZER_NUMBER_OBJECT_CONVERSION = YES_AGGRESSIVE;
				CLANG_CXX_LANGUAGE_STANDARD = "gnu++14";
				CLANG_CXX_LIBRARY = "libc++";
				CLANG_ENABLE_MODULES = YES;
				CLANG_ENABLE_OBJC_ARC = YES;
				CLANG_WARN_BLOCK_CAPTURE_AUTORELEASING = YES;
				CLANG_WARN_BOOL_CONVERSION = YES;
				CLANG_WARN_COMMA = YES;
				CLANG_WARN_CONSTANT_CONVERSION = YES;
				CLANG_WARN_DIRECT_OBJC_ISA_USAGE = YES_ERROR;
				CLANG_WARN_DOCUMENTATION_COMMENTS = YES;
				CLANG_WARN_EMPTY_BODY = YES;
				CLANG_WARN_ENUM_CONVERSION = YES;
				CLANG_WARN_INFINITE_RECURSION = YES;
				CLANG_WARN_INT_CONVERSION = YES;
				CLANG_WARN_NON_LITERAL_NULL_CONVERSION = YES;
				CLANG_WARN_OBJC_LITERAL_CONVERSION = YES;
				CLANG_WARN_OBJC_ROOT_CLASS = YES_ERROR;
				CLANG_WARN_RANGE_LOOP_ANALYSIS = YES;
				CLANG_WARN_STRICT_PROTOTYPES = YES;
				CLANG_WARN_SUSPICIOUS_MOVE = YES;
				CLANG_WARN_UNGUARDED_AVAILABILITY = YES_AGGRESSIVE;
				CLANG_WARN_UNREACHABLE_CODE = YES;
				CLANG_WARN__DUPLICATE_METHOD_MATCH = YES;
				CODE_SIGN_IDENTITY = "iPhone Developer";
				COPY_PHASE_STRIP = NO;
				DEBUG_INFORMATION_FORMAT = "dwarf-with-dsym";
				ENABLE_NS_ASSERTIONS = NO;
				ENABLE_STRICT_OBJC_MSGSEND = YES;
				GCC_C_LANGUAGE_STANDARD = gnu11;
				GCC_NO_COMMON_BLOCKS = YES;
				GCC_WARN_64_TO_32_BIT_CONVERSION = YES;
				GCC_WARN_ABOUT_RETURN_TYPE = YES_ERROR;
				GCC_WARN_UNDECLARED_SELECTOR = YES;
				GCC_WARN_UNINITIALIZED_AUTOS = YES_AGGRESSIVE;
				GCC_WARN_UNUSED_FUNCTION = YES;
				GCC_WARN_UNUSED_VARIABLE = YES;
				IPHONEOS_DEPLOYMENT_TARGET = 11.2;
				MTL_ENABLE_DEBUG_INFO = NO;
				SDKROOT = iphoneos;
				SWIFT_OPTIMIZATION_LEVEL = "-Owholemodule";
				VALIDATE_PRODUCT = YES;
			};
			name = Release;
		};
		782413A7201D0F3A00F06D99 /* Debug */ = {
			isa = XCBuildConfiguration;
			baseConfigurationReference = F95DAD1A528A8524339BF3C3 /* Pods-CarpoolApp.debug.xcconfig */;
			buildSettings = {
				ASSETCATALOG_COMPILER_APPICON_NAME = AppIcon;
				"CODE_SIGN_IDENTITY[sdk=iphoneos*]" = "iPhone Developer";
				CODE_SIGN_STYLE = Automatic;
				DEVELOPMENT_TEAM = SSUS7682B2;
				INFOPLIST_FILE = CarpoolApp/Info.plist;
				LD_RUNPATH_SEARCH_PATHS = "$(inherited) @executable_path/Frameworks";
				PRODUCT_BUNDLE_IDENTIFIER = CSC4996.CarpoolApp11;
				PRODUCT_NAME = "$(TARGET_NAME)";
				PROVISIONING_PROFILE_SPECIFIER = "";
				SWIFT_VERSION = 4.0;
				TARGETED_DEVICE_FAMILY = 1;
			};
			name = Debug;
		};
		782413A8201D0F3A00F06D99 /* Release */ = {
			isa = XCBuildConfiguration;
			baseConfigurationReference = F030565275DC7FB77646828A /* Pods-CarpoolApp.release.xcconfig */;
			buildSettings = {
				ASSETCATALOG_COMPILER_APPICON_NAME = AppIcon;
				"CODE_SIGN_IDENTITY[sdk=iphoneos*]" = "iPhone Developer";
				CODE_SIGN_STYLE = Automatic;
				DEVELOPMENT_TEAM = SSUS7682B2;
				INFOPLIST_FILE = CarpoolApp/Info.plist;
				LD_RUNPATH_SEARCH_PATHS = "$(inherited) @executable_path/Frameworks";
				PRODUCT_BUNDLE_IDENTIFIER = CSC4996.CarpoolApp11;
				PRODUCT_NAME = "$(TARGET_NAME)";
				PROVISIONING_PROFILE_SPECIFIER = "";
				SWIFT_VERSION = 4.0;
				TARGETED_DEVICE_FAMILY = 1;
			};
			name = Release;
		};
/* End XCBuildConfiguration section */

/* Begin XCConfigurationList section */
		7824138F201D0F3A00F06D99 /* Build configuration list for PBXProject "CarpoolApp" */ = {
			isa = XCConfigurationList;
			buildConfigurations = (
				782413A4201D0F3A00F06D99 /* Debug */,
				782413A5201D0F3A00F06D99 /* Release */,
			);
			defaultConfigurationIsVisible = 0;
			defaultConfigurationName = Release;
		};
		782413A6201D0F3A00F06D99 /* Build configuration list for PBXNativeTarget "CarpoolApp" */ = {
			isa = XCConfigurationList;
			buildConfigurations = (
				782413A7201D0F3A00F06D99 /* Debug */,
				782413A8201D0F3A00F06D99 /* Release */,
			);
			defaultConfigurationIsVisible = 0;
			defaultConfigurationName = Release;
		};
/* End XCConfigurationList section */
	};
	rootObject = 7824138C201D0F3A00F06D99 /* Project object */;
}
