// !$*UTF8*$!
{
	archiveVersion = 1;
	classes = {
	};
	objectVersion = 48;
	objects = {

/* Begin PBXBuildFile section */
		2018C368202CB38900E28C08 /* LogoutViewController.swift in Sources */ = {isa = PBXBuildFile; fileRef = 2018C367202CB38900E28C08 /* LogoutViewController.swift */; };
		2033C2D02026CE5C0081E53A /* ProfileViewController.swift in Sources */ = {isa = PBXBuildFile; fileRef = 2033C2CF2026CE5C0081E53A /* ProfileViewController.swift */; };
		20509AD1204D995400B2EFA3 /* Match.swift in Sources */ = {isa = PBXBuildFile; fileRef = 20509AD0204D995400B2EFA3 /* Match.swift */; };
		20509AD7204D9DA800B2EFA3 /* MatchesViewController.swift in Sources */ = {isa = PBXBuildFile; fileRef = 20509AD6204D9DA800B2EFA3 /* MatchesViewController.swift */; };
		20509AD9204E2C5600B2EFA3 /* Profile.swift in Sources */ = {isa = PBXBuildFile; fileRef = 20509AD8204E2C5600B2EFA3 /* Profile.swift */; };
		20509ADB204EEE9200B2EFA3 /* RiderMatchDetailViewController.swift in Sources */ = {isa = PBXBuildFile; fileRef = 20509ADA204EEE9200B2EFA3 /* RiderMatchDetailViewController.swift */; };
		205A4B43202569DC005AE87C /* LaunchViewController.swift in Sources */ = {isa = PBXBuildFile; fileRef = 205A4B42202569DC005AE87C /* LaunchViewController.swift */; };
		206736E32026A929008714A7 /* LaunchScreen.storyboard in Resources */ = {isa = PBXBuildFile; fileRef = 206736E52026A929008714A7 /* LaunchScreen.storyboard */; };
		208A2E8B202829E600393D43 /* MapViewController.swift in Sources */ = {isa = PBXBuildFile; fileRef = 208A2E8A202829E600393D43 /* MapViewController.swift */; };
		20DA407D204B2F04003D8473 /* SideMenuTableViewController.swift in Sources */ = {isa = PBXBuildFile; fileRef = 20DA407C204B2F04003D8473 /* SideMenuTableViewController.swift */; };
		20DA407F204B49FA003D8473 /* DashboardViewController.swift in Sources */ = {isa = PBXBuildFile; fileRef = 20DA407E204B49FA003D8473 /* DashboardViewController.swift */; };
		20F47A0420277D4800D79394 /* GoogleService-Info.plist in Resources */ = {isa = PBXBuildFile; fileRef = 20F47A0320277D4800D79394 /* GoogleService-Info.plist */; };
		63917F3C2F967485C2582052 /* Pods_CarpoolApp.framework in Frameworks */ = {isa = PBXBuildFile; fileRef = 9320C101773311FB910A13A6 /* Pods_CarpoolApp.framework */; };
		78241398201D0F3A00F06D99 /* AppDelegate.swift in Sources */ = {isa = PBXBuildFile; fileRef = 78241397201D0F3A00F06D99 /* AppDelegate.swift */; };
		7824139D201D0F3A00F06D99 /* Main.storyboard in Resources */ = {isa = PBXBuildFile; fileRef = 7824139B201D0F3A00F06D99 /* Main.storyboard */; };
		7824139F201D0F3A00F06D99 /* Assets.xcassets in Resources */ = {isa = PBXBuildFile; fileRef = 7824139E201D0F3A00F06D99 /* Assets.xcassets */; };
		912C7DC0204D02CC00E222A4 /* NotificationsTableViewController.swift in Sources */ = {isa = PBXBuildFile; fileRef = 912C7DBF204D02CC00E222A4 /* NotificationsTableViewController.swift */; };
		912C7DC2204D062E00E222A4 /* EditProfileViewController.swift in Sources */ = {isa = PBXBuildFile; fileRef = 912C7DC1204D062D00E222A4 /* EditProfileViewController.swift */; };
		912C7DC4204D16BD00E222A4 /* Notifications.swift in Sources */ = {isa = PBXBuildFile; fileRef = 912C7DC3204D16BD00E222A4 /* Notifications.swift */; };
		9175E5602050731700DB0AA2 /* MyRoutesTableViewCell.swift in Sources */ = {isa = PBXBuildFile; fileRef = 9175E55F2050731700DB0AA2 /* MyRoutesTableViewCell.swift */; };
		9175E562205077A000DB0AA2 /* MyRoutesViewController.swift in Sources */ = {isa = PBXBuildFile; fileRef = 9175E561205077A000DB0AA2 /* MyRoutesViewController.swift */; };
		9175E564205079C200DB0AA2 /* MyRoutesTableViewController.swift in Sources */ = {isa = PBXBuildFile; fileRef = 9175E563205079C200DB0AA2 /* MyRoutesTableViewController.swift */; };
		917C54B8204E18FE00F2BBDC /* PaymentsViewController.swift in Sources */ = {isa = PBXBuildFile; fileRef = 917C54B7204E18FE00F2BBDC /* PaymentsViewController.swift */; };
		91F90A2A20571781001A8AB0 /* FreqDestinations.swift in Sources */ = {isa = PBXBuildFile; fileRef = 91F90A2920571781001A8AB0 /* FreqDestinations.swift */; };
		91FD76FD205DFFB900E93C6F /* RecentPayments.swift in Sources */ = {isa = PBXBuildFile; fileRef = 91FD76FC205DFFB900E93C6F /* RecentPayments.swift */; };
		C968E520203669E400B137B8 /* RoundedButton.swift in Sources */ = {isa = PBXBuildFile; fileRef = C968E51F203669E400B137B8 /* RoundedButton.swift */; };
		C96F483A204A4ACC00363162 /* FrequentRoutesViewController.swift in Sources */ = {isa = PBXBuildFile; fileRef = C96F4839204A4ACC00363162 /* FrequentRoutesViewController.swift */; };
		C98BB0A0202A58A8006B054C /* otherlocations.swift in Sources */ = {isa = PBXBuildFile; fileRef = C98BB09F202A58A8006B054C /* otherlocations.swift */; };
		C995C78E201D5DD400B8CB3E /* MapKit.framework in Frameworks */ = {isa = PBXBuildFile; fileRef = C995C78D201D5DD400B8CB3E /* MapKit.framework */; };
		C995C790201D615E00B8CB3E /* CoreLocation.framework in Frameworks */ = {isa = PBXBuildFile; fileRef = C995C78F201D615D00B8CB3E /* CoreLocation.framework */; };
		C9A7D7ED2032D6830014861D /* UIViewX.swift in Sources */ = {isa = PBXBuildFile; fileRef = C9A7D7EC2032D6830014861D /* UIViewX.swift */; };
		C9A8E121204E8500004C45ED /* HelpViewController.swift in Sources */ = {isa = PBXBuildFile; fileRef = C9A8E120204E8500004C45ED /* HelpViewController.swift */; };
		C9B52A8220453F2B00501AAA /* Checkbox.swift in Sources */ = {isa = PBXBuildFile; fileRef = C9B52A8120453F2B00501AAA /* Checkbox.swift */; };
		C9D8928F2033629B005EC683 /* UITextFieldX.swift in Sources */ = {isa = PBXBuildFile; fileRef = C9D8928E2033629B005EC683 /* UITextFieldX.swift */; };
		C9DE0B2A203F5C6100554E9C /* FreqDestination.swift in Sources */ = {isa = PBXBuildFile; fileRef = C9DE0B28203F5C5F00554E9C /* FreqDestination.swift */; };
		C9DE0B2B203F5C6100554E9C /* LocationSearchTable.swift in Sources */ = {isa = PBXBuildFile; fileRef = C9DE0B29203F5C6100554E9C /* LocationSearchTable.swift */; };
		C9E8631F204D40BF008F6158 /* SettingsViewController.swift in Sources */ = {isa = PBXBuildFile; fileRef = C9E8631E204D40BF008F6158 /* SettingsViewController.swift */; };
		D10EFE9A2022979700C962E1 /* RegistrationViewController.swift in Sources */ = {isa = PBXBuildFile; fileRef = D10EFE992022979700C962E1 /* RegistrationViewController.swift */; };
		D10EFE9C2022983600C962E1 /* LoginViewController.swift in Sources */ = {isa = PBXBuildFile; fileRef = D10EFE9B2022983600C962E1 /* LoginViewController.swift */; };
		D10EFE9E20229ACA00C962E1 /* PasswordResetViewController.swift in Sources */ = {isa = PBXBuildFile; fileRef = D10EFE9D20229ACA00C962E1 /* PasswordResetViewController.swift */; };
		D16EC1522023AD8800D56CF2 /* DataService.swift in Sources */ = {isa = PBXBuildFile; fileRef = D16EC1512023AD8800D56CF2 /* DataService.swift */; };
/* End PBXBuildFile section */

/* Begin PBXCopyFilesBuildPhase section */
		C91A732A2062EA2A00A05C2F /* Embed Frameworks */ = {
			isa = PBXCopyFilesBuildPhase;
			buildActionMask = 2147483647;
			dstPath = "";
			dstSubfolderSpec = 10;
			files = (
			);
			name = "Embed Frameworks";
			runOnlyForDeploymentPostprocessing = 0;
		};
/* End PBXCopyFilesBuildPhase section */

/* Begin PBXFileReference section */
		2018C367202CB38900E28C08 /* LogoutViewController.swift */ = {isa = PBXFileReference; fileEncoding = 4; lastKnownFileType = sourcecode.swift; path = LogoutViewController.swift; sourceTree = "<group>"; };
		2033C2CF2026CE5C0081E53A /* ProfileViewController.swift */ = {isa = PBXFileReference; lastKnownFileType = sourcecode.swift; path = ProfileViewController.swift; sourceTree = "<group>"; };
		20509AD0204D995400B2EFA3 /* Match.swift */ = {isa = PBXFileReference; lastKnownFileType = sourcecode.swift; path = Match.swift; sourceTree = "<group>"; };
		20509AD6204D9DA800B2EFA3 /* MatchesViewController.swift */ = {isa = PBXFileReference; lastKnownFileType = sourcecode.swift; path = MatchesViewController.swift; sourceTree = "<group>"; };
		20509AD8204E2C5600B2EFA3 /* Profile.swift */ = {isa = PBXFileReference; lastKnownFileType = sourcecode.swift; path = Profile.swift; sourceTree = "<group>"; };
		20509ADA204EEE9200B2EFA3 /* RiderMatchDetailViewController.swift */ = {isa = PBXFileReference; lastKnownFileType = sourcecode.swift; path = RiderMatchDetailViewController.swift; sourceTree = "<group>"; };
		205A4B42202569DC005AE87C /* LaunchViewController.swift */ = {isa = PBXFileReference; fileEncoding = 4; lastKnownFileType = sourcecode.swift; path = LaunchViewController.swift; sourceTree = "<group>"; };
		206736E42026A929008714A7 /* Base */ = {isa = PBXFileReference; lastKnownFileType = file.storyboard; name = Base; path = Base.lproj/LaunchScreen.storyboard; sourceTree = "<group>"; };
		208A2E8A202829E600393D43 /* MapViewController.swift */ = {isa = PBXFileReference; fileEncoding = 4; lastKnownFileType = sourcecode.swift; path = MapViewController.swift; sourceTree = "<group>"; };
		20DA407C204B2F04003D8473 /* SideMenuTableViewController.swift */ = {isa = PBXFileReference; lastKnownFileType = sourcecode.swift; path = SideMenuTableViewController.swift; sourceTree = "<group>"; };
		20DA407E204B49FA003D8473 /* DashboardViewController.swift */ = {isa = PBXFileReference; lastKnownFileType = sourcecode.swift; path = DashboardViewController.swift; sourceTree = "<group>"; };
		20F47A0320277D4800D79394 /* GoogleService-Info.plist */ = {isa = PBXFileReference; fileEncoding = 4; lastKnownFileType = text.plist.xml; path = "GoogleService-Info.plist"; sourceTree = "<group>"; };
		78241394201D0F3A00F06D99 /* CarpoolApp.app */ = {isa = PBXFileReference; explicitFileType = wrapper.application; includeInIndex = 0; path = CarpoolApp.app; sourceTree = BUILT_PRODUCTS_DIR; };
		78241397201D0F3A00F06D99 /* AppDelegate.swift */ = {isa = PBXFileReference; lastKnownFileType = sourcecode.swift; path = AppDelegate.swift; sourceTree = "<group>"; };
		7824139C201D0F3A00F06D99 /* Base */ = {isa = PBXFileReference; lastKnownFileType = file.storyboard; name = Base; path = Base.lproj/Main.storyboard; sourceTree = "<group>"; };
		7824139E201D0F3A00F06D99 /* Assets.xcassets */ = {isa = PBXFileReference; lastKnownFileType = folder.assetcatalog; path = Assets.xcassets; sourceTree = "<group>"; };
		782413A3201D0F3A00F06D99 /* Info.plist */ = {isa = PBXFileReference; lastKnownFileType = text.plist.xml; path = Info.plist; sourceTree = "<group>"; };
		912C7DBF204D02CC00E222A4 /* NotificationsTableViewController.swift */ = {isa = PBXFileReference; fileEncoding = 4; lastKnownFileType = sourcecode.swift; path = NotificationsTableViewController.swift; sourceTree = "<group>"; };
		912C7DC1204D062D00E222A4 /* EditProfileViewController.swift */ = {isa = PBXFileReference; lastKnownFileType = sourcecode.swift; path = EditProfileViewController.swift; sourceTree = "<group>"; };
		912C7DC3204D16BD00E222A4 /* Notifications.swift */ = {isa = PBXFileReference; fileEncoding = 4; lastKnownFileType = sourcecode.swift; name = Notifications.swift; path = "CarpoolApp/New Group/Notifications.swift"; sourceTree = SOURCE_ROOT; };
		9175E55F2050731700DB0AA2 /* MyRoutesTableViewCell.swift */ = {isa = PBXFileReference; lastKnownFileType = sourcecode.swift; path = MyRoutesTableViewCell.swift; sourceTree = "<group>"; };
		9175E561205077A000DB0AA2 /* MyRoutesViewController.swift */ = {isa = PBXFileReference; lastKnownFileType = sourcecode.swift; path = MyRoutesViewController.swift; sourceTree = "<group>"; };
		9175E563205079C200DB0AA2 /* MyRoutesTableViewController.swift */ = {isa = PBXFileReference; lastKnownFileType = sourcecode.swift; path = MyRoutesTableViewController.swift; sourceTree = "<group>"; };
		917C54B7204E18FE00F2BBDC /* PaymentsViewController.swift */ = {isa = PBXFileReference; lastKnownFileType = sourcecode.swift; path = PaymentsViewController.swift; sourceTree = "<group>"; };
		91F90A2920571781001A8AB0 /* FreqDestinations.swift */ = {isa = PBXFileReference; lastKnownFileType = sourcecode.swift; path = FreqDestinations.swift; sourceTree = "<group>"; };
		91FD76FC205DFFB900E93C6F /* RecentPayments.swift */ = {isa = PBXFileReference; lastKnownFileType = sourcecode.swift; path = RecentPayments.swift; sourceTree = "<group>"; };
		9320C101773311FB910A13A6 /* Pods_CarpoolApp.framework */ = {isa = PBXFileReference; explicitFileType = wrapper.framework; includeInIndex = 0; path = Pods_CarpoolApp.framework; sourceTree = BUILT_PRODUCTS_DIR; };
		C968E51F203669E400B137B8 /* RoundedButton.swift */ = {isa = PBXFileReference; lastKnownFileType = sourcecode.swift; path = RoundedButton.swift; sourceTree = "<group>"; };
		C96F4839204A4ACC00363162 /* FrequentRoutesViewController.swift */ = {isa = PBXFileReference; fileEncoding = 4; lastKnownFileType = sourcecode.swift; path = FrequentRoutesViewController.swift; sourceTree = "<group>"; };
		C98BB09F202A58A8006B054C /* otherlocations.swift */ = {isa = PBXFileReference; explicitFileType = sourcecode.swift; path = otherlocations.swift; sourceTree = "<group>"; };
		C995C78D201D5DD400B8CB3E /* MapKit.framework */ = {isa = PBXFileReference; lastKnownFileType = wrapper.framework; name = MapKit.framework; path = System/Library/Frameworks/MapKit.framework; sourceTree = SDKROOT; };
		C995C78F201D615D00B8CB3E /* CoreLocation.framework */ = {isa = PBXFileReference; lastKnownFileType = wrapper.framework; name = CoreLocation.framework; path = System/Library/Frameworks/CoreLocation.framework; sourceTree = SDKROOT; };
		C9A7D7EC2032D6830014861D /* UIViewX.swift */ = {isa = PBXFileReference; fileEncoding = 4; lastKnownFileType = sourcecode.swift; path = UIViewX.swift; sourceTree = "<group>"; };
		C9A8E120204E8500004C45ED /* HelpViewController.swift */ = {isa = PBXFileReference; lastKnownFileType = sourcecode.swift; path = HelpViewController.swift; sourceTree = "<group>"; };
		C9B52A8120453F2B00501AAA /* Checkbox.swift */ = {isa = PBXFileReference; fileEncoding = 4; lastKnownFileType = sourcecode.swift; path = Checkbox.swift; sourceTree = "<group>"; };
		C9D8928E2033629B005EC683 /* UITextFieldX.swift */ = {isa = PBXFileReference; fileEncoding = 4; lastKnownFileType = sourcecode.swift; path = UITextFieldX.swift; sourceTree = "<group>"; };
		C9DE0B28203F5C5F00554E9C /* FreqDestination.swift */ = {isa = PBXFileReference; fileEncoding = 4; lastKnownFileType = sourcecode.swift; path = FreqDestination.swift; sourceTree = "<group>"; };
		C9DE0B29203F5C6100554E9C /* LocationSearchTable.swift */ = {isa = PBXFileReference; fileEncoding = 4; lastKnownFileType = sourcecode.swift; path = LocationSearchTable.swift; sourceTree = "<group>"; };
		C9E8631E204D40BF008F6158 /* SettingsViewController.swift */ = {isa = PBXFileReference; lastKnownFileType = sourcecode.swift; path = SettingsViewController.swift; sourceTree = "<group>"; };
		D10EFE992022979700C962E1 /* RegistrationViewController.swift */ = {isa = PBXFileReference; lastKnownFileType = sourcecode.swift; path = RegistrationViewController.swift; sourceTree = "<group>"; };
		D10EFE9B2022983600C962E1 /* LoginViewController.swift */ = {isa = PBXFileReference; lastKnownFileType = sourcecode.swift; path = LoginViewController.swift; sourceTree = "<group>"; };
		D10EFE9D20229ACA00C962E1 /* PasswordResetViewController.swift */ = {isa = PBXFileReference; lastKnownFileType = sourcecode.swift; path = PasswordResetViewController.swift; sourceTree = "<group>"; };
		D16EC1512023AD8800D56CF2 /* DataService.swift */ = {isa = PBXFileReference; lastKnownFileType = sourcecode.swift; path = DataService.swift; sourceTree = "<group>"; };
		F030565275DC7FB77646828A /* Pods-CarpoolApp.release.xcconfig */ = {isa = PBXFileReference; includeInIndex = 1; lastKnownFileType = text.xcconfig; name = "Pods-CarpoolApp.release.xcconfig"; path = "Pods/Target Support Files/Pods-CarpoolApp/Pods-CarpoolApp.release.xcconfig"; sourceTree = "<group>"; };
		F95DAD1A528A8524339BF3C3 /* Pods-CarpoolApp.debug.xcconfig */ = {isa = PBXFileReference; includeInIndex = 1; lastKnownFileType = text.xcconfig; name = "Pods-CarpoolApp.debug.xcconfig"; path = "Pods/Target Support Files/Pods-CarpoolApp/Pods-CarpoolApp.debug.xcconfig"; sourceTree = "<group>"; };
/* End PBXFileReference section */

/* Begin PBXFrameworksBuildPhase section */
		78241391201D0F3A00F06D99 /* Frameworks */ = {
			isa = PBXFrameworksBuildPhase;
			buildActionMask = 2147483647;
			files = (
				C995C790201D615E00B8CB3E /* CoreLocation.framework in Frameworks */,
				C995C78E201D5DD400B8CB3E /* MapKit.framework in Frameworks */,
				63917F3C2F967485C2582052 /* Pods_CarpoolApp.framework in Frameworks */,
			);
			runOnlyForDeploymentPostprocessing = 0;
		};
/* End PBXFrameworksBuildPhase section */

/* Begin PBXGroup section */
		20509ACF204D979300B2EFA3 /* Data */ = {
			isa = PBXGroup;
			children = (
				912C7DC3204D16BD00E222A4 /* Notifications.swift */,
				20509AD0204D995400B2EFA3 /* Match.swift */,
				20509AD8204E2C5600B2EFA3 /* Profile.swift */,
				91F90A2920571781001A8AB0 /* FreqDestinations.swift */,
				91FD76FC205DFFB900E93C6F /* RecentPayments.swift */,
			);
			name = Data;
			path = "New Group";
			sourceTree = "<group>";
		};
		7824138B201D0F3A00F06D99 = {
			isa = PBXGroup;
			children = (
				78241396201D0F3A00F06D99 /* CarpoolApp */,
				78241395201D0F3A00F06D99 /* Products */,
				DD7D054E6C73D03C1FE59E38 /* Pods */,
				F8CFD888E50D31099B0AD659 /* Frameworks */,
			);
			sourceTree = "<group>";
		};
		78241395201D0F3A00F06D99 /* Products */ = {
			isa = PBXGroup;
			children = (
				78241394201D0F3A00F06D99 /* CarpoolApp.app */,
			);
			name = Products;
			sourceTree = "<group>";
		};
		78241396201D0F3A00F06D99 /* CarpoolApp */ = {
			isa = PBXGroup;
			children = (
				20509ACF204D979300B2EFA3 /* Data */,
				C98966FC203A183500521450 /* View Controllers */,
				C968E52120366ACF00B137B8 /* Design */,
				20F47A0320277D4800D79394 /* GoogleService-Info.plist */,
				D16EC1512023AD8800D56CF2 /* DataService.swift */,
				78241397201D0F3A00F06D99 /* AppDelegate.swift */,
				7824139E201D0F3A00F06D99 /* Assets.xcassets */,
				782413A3201D0F3A00F06D99 /* Info.plist */,
				7824139B201D0F3A00F06D99 /* Main.storyboard */,
				206736E52026A929008714A7 /* LaunchScreen.storyboard */,
			);
			path = CarpoolApp;
			sourceTree = "<group>";
		};
		C968E52120366ACF00B137B8 /* Design */ = {
			isa = PBXGroup;
			children = (
				C968E51F203669E400B137B8 /* RoundedButton.swift */,
				C98BB09F202A58A8006B054C /* otherlocations.swift */,
				C9D8928E2033629B005EC683 /* UITextFieldX.swift */,
				C9A7D7EC2032D6830014861D /* UIViewX.swift */,
				C9B52A8120453F2B00501AAA /* Checkbox.swift */,
			);
			path = Design;
			sourceTree = "<group>";
		};
		C98966FC203A183500521450 /* View Controllers */ = {
			isa = PBXGroup;
			children = (
				912C7DBF204D02CC00E222A4 /* NotificationsTableViewController.swift */,
				C9A8E120204E8500004C45ED /* HelpViewController.swift */,
				2018C367202CB38900E28C08 /* LogoutViewController.swift */,
				208A2E8A202829E600393D43 /* MapViewController.swift */,
				C9DE0B28203F5C5F00554E9C /* FreqDestination.swift */,
				C9DE0B29203F5C6100554E9C /* LocationSearchTable.swift */,
				205A4B42202569DC005AE87C /* LaunchViewController.swift */,
				D10EFE9D20229ACA00C962E1 /* PasswordResetViewController.swift */,
				D10EFE9B2022983600C962E1 /* LoginViewController.swift */,
				2033C2CF2026CE5C0081E53A /* ProfileViewController.swift */,
				D10EFE992022979700C962E1 /* RegistrationViewController.swift */,
				C9E8631E204D40BF008F6158 /* SettingsViewController.swift */,
				C96F4839204A4ACC00363162 /* FrequentRoutesViewController.swift */,
				20DA407C204B2F04003D8473 /* SideMenuTableViewController.swift */,
				20DA407E204B49FA003D8473 /* DashboardViewController.swift */,
				912C7DC1204D062D00E222A4 /* EditProfileViewController.swift */,
				20509AD6204D9DA800B2EFA3 /* MatchesViewController.swift */,
				20509ADA204EEE9200B2EFA3 /* RiderMatchDetailViewController.swift */,
				917C54B7204E18FE00F2BBDC /* PaymentsViewController.swift */,
				9175E55F2050731700DB0AA2 /* MyRoutesTableViewCell.swift */,
				9175E561205077A000DB0AA2 /* MyRoutesViewController.swift */,
				9175E563205079C200DB0AA2 /* MyRoutesTableViewController.swift */,
			);
			path = "View Controllers";
			sourceTree = "<group>";
		};
		DD7D054E6C73D03C1FE59E38 /* Pods */ = {
			isa = PBXGroup;
			children = (
				F95DAD1A528A8524339BF3C3 /* Pods-CarpoolApp.debug.xcconfig */,
				F030565275DC7FB77646828A /* Pods-CarpoolApp.release.xcconfig */,
			);
			name = Pods;
			sourceTree = "<group>";
		};
		F8CFD888E50D31099B0AD659 /* Frameworks */ = {
			isa = PBXGroup;
			children = (
				C995C78F201D615D00B8CB3E /* CoreLocation.framework */,
				C995C78D201D5DD400B8CB3E /* MapKit.framework */,
				9320C101773311FB910A13A6 /* Pods_CarpoolApp.framework */,
			);
			name = Frameworks;
			sourceTree = "<group>";
		};
/* End PBXGroup section */

/* Begin PBXNativeTarget section */
		78241393201D0F3A00F06D99 /* CarpoolApp */ = {
			isa = PBXNativeTarget;
			buildConfigurationList = 782413A6201D0F3A00F06D99 /* Build configuration list for PBXNativeTarget "CarpoolApp" */;
			buildPhases = (
				42D2F693CFD11F6F27910968 /* [CP] Check Pods Manifest.lock */,
				78241390201D0F3A00F06D99 /* Sources */,
				78241391201D0F3A00F06D99 /* Frameworks */,
				78241392201D0F3A00F06D99 /* Resources */,
				CA777FAA2C7468A978E9D8E9 /* [CP] Embed Pods Frameworks */,
				967C4740E0308D426BF06129 /* [CP] Copy Pods Resources */,
				C91A732A2062EA2A00A05C2F /* Embed Frameworks */,
			);
			buildRules = (
			);
			dependencies = (
			);
			name = CarpoolApp;
			productName = CarpoolApp;
			productReference = 78241394201D0F3A00F06D99 /* CarpoolApp.app */;
			productType = "com.apple.product-type.application";
		};
/* End PBXNativeTarget section */

/* Begin PBXProject section */
		7824138C201D0F3A00F06D99 /* Project object */ = {
			isa = PBXProject;
			attributes = {
				LastSwiftUpdateCheck = 0920;
				LastUpgradeCheck = 0920;
				ORGANIZATIONNAME = "CSC 4996";
				TargetAttributes = {
					78241393201D0F3A00F06D99 = {
						CreatedOnToolsVersion = 9.2;
						ProvisioningStyle = Automatic;
					};
				};
			};
			buildConfigurationList = 7824138F201D0F3A00F06D99 /* Build configuration list for PBXProject "CarpoolApp" */;
			compatibilityVersion = "Xcode 8.0";
			developmentRegion = en;
			hasScannedForEncodings = 0;
			knownRegions = (
				en,
				Base,
			);
			mainGroup = 7824138B201D0F3A00F06D99;
			productRefGroup = 78241395201D0F3A00F06D99 /* Products */;
			projectDirPath = "";
			projectRoot = "";
			targets = (
				78241393201D0F3A00F06D99 /* CarpoolApp */,
			);
		};
/* End PBXProject section */

/* Begin PBXResourcesBuildPhase section */
		78241392201D0F3A00F06D99 /* Resources */ = {
			isa = PBXResourcesBuildPhase;
			buildActionMask = 2147483647;
			files = (
				7824139F201D0F3A00F06D99 /* Assets.xcassets in Resources */,
				20F47A0420277D4800D79394 /* GoogleService-Info.plist in Resources */,
				206736E32026A929008714A7 /* LaunchScreen.storyboard in Resources */,
				7824139D201D0F3A00F06D99 /* Main.storyboard in Resources */,
			);
			runOnlyForDeploymentPostprocessing = 0;
		};
/* End PBXResourcesBuildPhase section */

/* Begin PBXShellScriptBuildPhase section */
		42D2F693CFD11F6F27910968 /* [CP] Check Pods Manifest.lock */ = {
			isa = PBXShellScriptBuildPhase;
			buildActionMask = 2147483647;
			files = (
			);
			inputPaths = (
				"${PODS_PODFILE_DIR_PATH}/Podfile.lock",
				"${PODS_ROOT}/Manifest.lock",
			);
			name = "[CP] Check Pods Manifest.lock";
			outputPaths = (
				"$(DERIVED_FILE_DIR)/Pods-CarpoolApp-checkManifestLockResult.txt",
			);
			runOnlyForDeploymentPostprocessing = 0;
			shellPath = /bin/sh;
			shellScript = "diff \"${PODS_PODFILE_DIR_PATH}/Podfile.lock\" \"${PODS_ROOT}/Manifest.lock\" > /dev/null\nif [ $? != 0 ] ; then\n    # print error to STDERR\n    echo \"error: The sandbox is not in sync with the Podfile.lock. Run 'pod install' or update your CocoaPods installation.\" >&2\n    exit 1\nfi\n# This output is used by Xcode 'outputs' to avoid re-running this script phase.\necho \"SUCCESS\" > \"${SCRIPT_OUTPUT_FILE_0}\"\n";
			showEnvVarsInLog = 0;
		};
		967C4740E0308D426BF06129 /* [CP] Copy Pods Resources */ = {
			isa = PBXShellScriptBuildPhase;
			buildActionMask = 2147483647;
			files = (
			);
			inputPaths = (
			);
			name = "[CP] Copy Pods Resources";
			outputPaths = (
			);
			runOnlyForDeploymentPostprocessing = 0;
			shellPath = /bin/sh;
			shellScript = "\"${SRCROOT}/Pods/Target Support Files/Pods-CarpoolApp/Pods-CarpoolApp-resources.sh\"\n";
			showEnvVarsInLog = 0;
		};
		CA777FAA2C7468A978E9D8E9 /* [CP] Embed Pods Frameworks */ = {
			isa = PBXShellScriptBuildPhase;
			buildActionMask = 2147483647;
			files = (
			);
			inputPaths = (
				"${SRCROOT}/Pods/Target Support Files/Pods-CarpoolApp/Pods-CarpoolApp-frameworks.sh",
				"${BUILT_PRODUCTS_DIR}/BEMCheckBox/BEMCheckBox.framework",
				"${BUILT_PRODUCTS_DIR}/Braintree/Braintree.framework",
				"${BUILT_PRODUCTS_DIR}/BraintreeDropIn/BraintreeDropIn.framework",
				"${BUILT_PRODUCTS_DIR}/GTMSessionFetcher/GTMSessionFetcher.framework",
				"${BUILT_PRODUCTS_DIR}/GoogleToolboxForMac/GoogleToolboxForMac.framework",
				"${PODS_ROOT}/Mapbox-iOS-SDK/dynamic/Mapbox.framework",
				"${PODS_ROOT}/Mapbox-iOS-SDK/dynamic/Mapbox.framework.dSYM",
				"${BUILT_PRODUCTS_DIR}/SDWebImage/SDWebImage.framework",
				"${BUILT_PRODUCTS_DIR}/SideMenu/SideMenu.framework",
				"${BUILT_PRODUCTS_DIR}/leveldb-library/leveldb.framework",
				"${BUILT_PRODUCTS_DIR}/nanopb/nanopb.framework",
			);
			name = "[CP] Embed Pods Frameworks";
			outputPaths = (
				"${TARGET_BUILD_DIR}/${FRAMEWORKS_FOLDER_PATH}/BEMCheckBox.framework",
				"${TARGET_BUILD_DIR}/${FRAMEWORKS_FOLDER_PATH}/Braintree.framework",
				"${TARGET_BUILD_DIR}/${FRAMEWORKS_FOLDER_PATH}/BraintreeDropIn.framework",
				"${TARGET_BUILD_DIR}/${FRAMEWORKS_FOLDER_PATH}/GTMSessionFetcher.framework",
				"${TARGET_BUILD_DIR}/${FRAMEWORKS_FOLDER_PATH}/GoogleToolboxForMac.framework",
				"${TARGET_BUILD_DIR}/${FRAMEWORKS_FOLDER_PATH}/Mapbox.framework",
				"${DWARF_DSYM_FOLDER_PATH}/Mapbox.framework.dSYM",
				"${TARGET_BUILD_DIR}/${FRAMEWORKS_FOLDER_PATH}/SDWebImage.framework",
				"${TARGET_BUILD_DIR}/${FRAMEWORKS_FOLDER_PATH}/SideMenu.framework",
				"${TARGET_BUILD_DIR}/${FRAMEWORKS_FOLDER_PATH}/leveldb.framework",
				"${TARGET_BUILD_DIR}/${FRAMEWORKS_FOLDER_PATH}/nanopb.framework",
			);
			runOnlyForDeploymentPostprocessing = 0;
			shellPath = /bin/sh;
			shellScript = "\"${SRCROOT}/Pods/Target Support Files/Pods-CarpoolApp/Pods-CarpoolApp-frameworks.sh\"\n";
			showEnvVarsInLog = 0;
		};
/* End PBXShellScriptBuildPhase section */

/* Begin PBXSourcesBuildPhase section */
		78241390201D0F3A00F06D99 /* Sources */ = {
			isa = PBXSourcesBuildPhase;
			buildActionMask = 2147483647;
			files = (
				9175E562205077A000DB0AA2 /* MyRoutesViewController.swift in Sources */,
				9175E564205079C200DB0AA2 /* MyRoutesTableViewController.swift in Sources */,
				912C7DC0204D02CC00E222A4 /* NotificationsTableViewController.swift in Sources */,
				20DA407F204B49FA003D8473 /* DashboardViewController.swift in Sources */,
				C9D8928F2033629B005EC683 /* UITextFieldX.swift in Sources */,
				D10EFE9C2022983600C962E1 /* LoginViewController.swift in Sources */,
				205A4B43202569DC005AE87C /* LaunchViewController.swift in Sources */,
				C9A7D7ED2032D6830014861D /* UIViewX.swift in Sources */,
				C96F483A204A4ACC00363162 /* FrequentRoutesViewController.swift in Sources */,
				91FD76FD205DFFB900E93C6F /* RecentPayments.swift in Sources */,
				C9A8E121204E8500004C45ED /* HelpViewController.swift in Sources */,
				D10EFE9A2022979700C962E1 /* RegistrationViewController.swift in Sources */,
				78241398201D0F3A00F06D99 /* AppDelegate.swift in Sources */,
				912C7DC2204D062E00E222A4 /* EditProfileViewController.swift in Sources */,
				2033C2D02026CE5C0081E53A /* ProfileViewController.swift in Sources */,
				D10EFE9E20229ACA00C962E1 /* PasswordResetViewController.swift in Sources */,
				D16EC1522023AD8800D56CF2 /* DataService.swift in Sources */,
				20509ADB204EEE9200B2EFA3 /* RiderMatchDetailViewController.swift in Sources */,
				C9DE0B2B203F5C6100554E9C /* LocationSearchTable.swift in Sources */,
				C98BB0A0202A58A8006B054C /* otherlocations.swift in Sources */,
				9175E5602050731700DB0AA2 /* MyRoutesTableViewCell.swift in Sources */,
				2018C368202CB38900E28C08 /* LogoutViewController.swift in Sources */,
				20DA407D204B2F04003D8473 /* SideMenuTableViewController.swift in Sources */,
				208A2E8B202829E600393D43 /* MapViewController.swift in Sources */,
				91F90A2A20571781001A8AB0 /* FreqDestinations.swift in Sources */,
				20509AD7204D9DA800B2EFA3 /* MatchesViewController.swift in Sources */,
				20509AD1204D995400B2EFA3 /* Match.swift in Sources */,
				20509AD9204E2C5600B2EFA3 /* Profile.swift in Sources */,
				C968E520203669E400B137B8 /* RoundedButton.swift in Sources */,
				912C7DC4204D16BD00E222A4 /* Notifications.swift in Sources */,
				C9DE0B2A203F5C6100554E9C /* FreqDestination.swift in Sources */,
				C9B52A8220453F2B00501AAA /* Checkbox.swift in Sources */,
				917C54B8204E18FE00F2BBDC /* PaymentsViewController.swift in Sources */,
				C9E8631F204D40BF008F6158 /* SettingsViewController.swift in Sources */,
			);
			runOnlyForDeploymentPostprocessing = 0;
		};
/* End PBXSourcesBuildPhase section */

/* Begin PBXVariantGroup section */
		206736E52026A929008714A7 /* LaunchScreen.storyboard */ = {
			isa = PBXVariantGroup;
			children = (
				206736E42026A929008714A7 /* Base */,
			);
			name = LaunchScreen.storyboard;
			sourceTree = "<group>";
		};
		7824139B201D0F3A00F06D99 /* Main.storyboard */ = {
			isa = PBXVariantGroup;
			children = (
				7824139C201D0F3A00F06D99 /* Base */,
			);
			name = Main.storyboard;
			sourceTree = "<group>";
		};
/* End PBXVariantGroup section */

/* Begin XCBuildConfiguration section */
		782413A4201D0F3A00F06D99 /* Debug */ = {
			isa = XCBuildConfiguration;
			buildSettings = {
				ALWAYS_SEARCH_USER_PATHS = NO;
				CLANG_ANALYZER_NONNULL = YES;
				CLANG_ANALYZER_NUMBER_OBJECT_CONVERSION = YES_AGGRESSIVE;
				CLANG_CXX_LANGUAGE_STANDARD = "gnu++14";
				CLANG_CXX_LIBRARY = "libc++";
				CLANG_ENABLE_MODULES = YES;
				CLANG_ENABLE_OBJC_ARC = YES;
				CLANG_WARN_BLOCK_CAPTURE_AUTORELEASING = YES;
				CLANG_WARN_BOOL_CONVERSION = YES;
				CLANG_WARN_COMMA = YES;
				CLANG_WARN_CONSTANT_CONVERSION = YES;
				CLANG_WARN_DIRECT_OBJC_ISA_USAGE = YES_ERROR;
				CLANG_WARN_DOCUMENTATION_COMMENTS = YES;
				CLANG_WARN_EMPTY_BODY = YES;
				CLANG_WARN_ENUM_CONVERSION = YES;
				CLANG_WARN_INFINITE_RECURSION = YES;
				CLANG_WARN_INT_CONVERSION = YES;
				CLANG_WARN_NON_LITERAL_NULL_CONVERSION = YES;
				CLANG_WARN_OBJC_LITERAL_CONVERSION = YES;
				CLANG_WARN_OBJC_ROOT_CLASS = YES_ERROR;
				CLANG_WARN_RANGE_LOOP_ANALYSIS = YES;
				CLANG_WARN_STRICT_PROTOTYPES = YES;
				CLANG_WARN_SUSPICIOUS_MOVE = YES;
				CLANG_WARN_UNGUARDED_AVAILABILITY = YES_AGGRESSIVE;
				CLANG_WARN_UNREACHABLE_CODE = YES;
				CLANG_WARN__DUPLICATE_METHOD_MATCH = YES;
				CODE_SIGN_IDENTITY = "iPhone Developer";
				COPY_PHASE_STRIP = NO;
				DEBUG_INFORMATION_FORMAT = dwarf;
				ENABLE_STRICT_OBJC_MSGSEND = YES;
				ENABLE_TESTABILITY = YES;
				GCC_C_LANGUAGE_STANDARD = gnu11;
				GCC_DYNAMIC_NO_PIC = NO;
				GCC_NO_COMMON_BLOCKS = YES;
				GCC_OPTIMIZATION_LEVEL = 0;
				GCC_PREPROCESSOR_DEFINITIONS = (
					"DEBUG=1",
					"$(inherited)",
				);
				GCC_WARN_64_TO_32_BIT_CONVERSION = YES;
				GCC_WARN_ABOUT_RETURN_TYPE = YES_ERROR;
				GCC_WARN_UNDECLARED_SELECTOR = YES;
				GCC_WARN_UNINITIALIZED_AUTOS = YES_AGGRESSIVE;
				GCC_WARN_UNUSED_FUNCTION = YES;
				GCC_WARN_UNUSED_VARIABLE = YES;
				IPHONEOS_DEPLOYMENT_TARGET = 11.2;
				MTL_ENABLE_DEBUG_INFO = YES;
				ONLY_ACTIVE_ARCH = YES;
				SDKROOT = iphoneos;
				SWIFT_ACTIVE_COMPILATION_CONDITIONS = DEBUG;
				SWIFT_OBJC_BRIDGING_HEADER = "";
				SWIFT_OPTIMIZATION_LEVEL = "-Onone";
			};
			name = Debug;
		};
		782413A5201D0F3A00F06D99 /* Release */ = {
			isa = XCBuildConfiguration;
			buildSettings = {
				ALWAYS_SEARCH_USER_PATHS = NO;
				CLANG_ANALYZER_NONNULL = YES;
				CLANG_ANALYZER_NUMBER_OBJECT_CONVERSION = YES_AGGRESSIVE;
				CLANG_CXX_LANGUAGE_STANDARD = "gnu++14";
				CLANG_CXX_LIBRARY = "libc++";
				CLANG_ENABLE_MODULES = YES;
				CLANG_ENABLE_OBJC_ARC = YES;
				CLANG_WARN_BLOCK_CAPTURE_AUTORELEASING = YES;
				CLANG_WARN_BOOL_CONVERSION = YES;
				CLANG_WARN_COMMA = YES;
				CLANG_WARN_CONSTANT_CONVERSION = YES;
				CLANG_WARN_DIRECT_OBJC_ISA_USAGE = YES_ERROR;
				CLANG_WARN_DOCUMENTATION_COMMENTS = YES;
				CLANG_WARN_EMPTY_BODY = YES;
				CLANG_WARN_ENUM_CONVERSION = YES;
				CLANG_WARN_INFINITE_RECURSION = YES;
				CLANG_WARN_INT_CONVERSION = YES;
				CLANG_WARN_NON_LITERAL_NULL_CONVERSION = YES;
				CLANG_WARN_OBJC_LITERAL_CONVERSION = YES;
				CLANG_WARN_OBJC_ROOT_CLASS = YES_ERROR;
				CLANG_WARN_RANGE_LOOP_ANALYSIS = YES;
				CLANG_WARN_STRICT_PROTOTYPES = YES;
				CLANG_WARN_SUSPICIOUS_MOVE = YES;
				CLANG_WARN_UNGUARDED_AVAILABILITY = YES_AGGRESSIVE;
				CLANG_WARN_UNREACHABLE_CODE = YES;
				CLANG_WARN__DUPLICATE_METHOD_MATCH = YES;
				CODE_SIGN_IDENTITY = "iPhone Developer";
				COPY_PHASE_STRIP = NO;
				DEBUG_INFORMATION_FORMAT = "dwarf-with-dsym";
				ENABLE_NS_ASSERTIONS = NO;
				ENABLE_STRICT_OBJC_MSGSEND = YES;
				GCC_C_LANGUAGE_STANDARD = gnu11;
				GCC_NO_COMMON_BLOCKS = YES;
				GCC_WARN_64_TO_32_BIT_CONVERSION = YES;
				GCC_WARN_ABOUT_RETURN_TYPE = YES_ERROR;
				GCC_WARN_UNDECLARED_SELECTOR = YES;
				GCC_WARN_UNINITIALIZED_AUTOS = YES_AGGRESSIVE;
				GCC_WARN_UNUSED_FUNCTION = YES;
				GCC_WARN_UNUSED_VARIABLE = YES;
				IPHONEOS_DEPLOYMENT_TARGET = 11.2;
				MTL_ENABLE_DEBUG_INFO = NO;
				SDKROOT = iphoneos;
				SWIFT_OBJC_BRIDGING_HEADER = "";
				SWIFT_OPTIMIZATION_LEVEL = "-Owholemodule";
				VALIDATE_PRODUCT = YES;
			};
			name = Release;
		};
		782413A7201D0F3A00F06D99 /* Debug */ = {
			isa = XCBuildConfiguration;
			baseConfigurationReference = F95DAD1A528A8524339BF3C3 /* Pods-CarpoolApp.debug.xcconfig */;
			buildSettings = {
				ASSETCATALOG_COMPILER_APPICON_NAME = AppIcon;
				"CODE_SIGN_IDENTITY[sdk=iphoneos*]" = "iPhone Developer";
				CODE_SIGN_STYLE = Automatic;
				DEVELOPMENT_TEAM = L5VG35HBPM;
				ENABLE_TESTABILITY = NO;
				FRAMEWORK_SEARCH_PATHS = (
					"$(inherited)",
					"$(PROJECT_DIR)",
				);
				INFOPLIST_FILE = CarpoolApp/Info.plist;
				IPHONEOS_DEPLOYMENT_TARGET = 11.2;
				LD_RUNPATH_SEARCH_PATHS = "$(inherited) @executable_path/Frameworks";
				PRODUCT_BUNDLE_IDENTIFIER = CSC4996.CarpoolApp;
				PRODUCT_NAME = "$(TARGET_NAME)";
				PROVISIONING_PROFILE_SPECIFIER = "";
				SWIFT_VERSION = 4.0;
				TARGETED_DEVICE_FAMILY = 1;
			};
			name = Debug;
		};
		782413A8201D0F3A00F06D99 /* Release */ = {
			isa = XCBuildConfiguration;
			baseConfigurationReference = F030565275DC7FB77646828A /* Pods-CarpoolApp.release.xcconfig */;
			buildSettings = {
				ASSETCATALOG_COMPILER_APPICON_NAME = AppIcon;
				"CODE_SIGN_IDENTITY[sdk=iphoneos*]" = "iPhone Developer";
				CODE_SIGN_STYLE = Automatic;
				DEVELOPMENT_TEAM = L5VG35HBPM;
				FRAMEWORK_SEARCH_PATHS = (
					"$(inherited)",
					"$(PROJECT_DIR)",
				);
				INFOPLIST_FILE = CarpoolApp/Info.plist;
				IPHONEOS_DEPLOYMENT_TARGET = 11.2;
				LD_RUNPATH_SEARCH_PATHS = "$(inherited) @executable_path/Frameworks";
				PRODUCT_BUNDLE_IDENTIFIER = CSC4996.CarpoolApp;
				PRODUCT_NAME = "$(TARGET_NAME)";
				PROVISIONING_PROFILE_SPECIFIER = "";
				SWIFT_VERSION = 4.0;
				TARGETED_DEVICE_FAMILY = 1;
			};
			name = Release;
		};
/* End XCBuildConfiguration section */

/* Begin XCConfigurationList section */
		7824138F201D0F3A00F06D99 /* Build configuration list for PBXProject "CarpoolApp" */ = {
			isa = XCConfigurationList;
			buildConfigurations = (
				782413A4201D0F3A00F06D99 /* Debug */,
				782413A5201D0F3A00F06D99 /* Release */,
			);
			defaultConfigurationIsVisible = 0;
			defaultConfigurationName = Release;
		};
		782413A6201D0F3A00F06D99 /* Build configuration list for PBXNativeTarget "CarpoolApp" */ = {
			isa = XCConfigurationList;
			buildConfigurations = (
				782413A7201D0F3A00F06D99 /* Debug */,
				782413A8201D0F3A00F06D99 /* Release */,
			);
			defaultConfigurationIsVisible = 0;
			defaultConfigurationName = Release;
		};
/* End XCConfigurationList section */
	};
	rootObject = 7824138C201D0F3A00F06D99 /* Project object */;
}
